
Microsoft Visual Studio Solution File, Format Version 12.00
# Visual Studio Version 16
VisualStudioVersion = 16.0.28803.202
MinimumVisualStudioVersion = 10.0.40219.1
Project("{FAE04EC0-301F-11D3-BF4B-00C04F79EFBC}") = "Clock.Android", "Clock\Clock.Android\Clock.Android.csproj", "{061872A0-C8F2-4B19-B76D-543205E04B98}"
EndProject
Project("{FAE04EC0-301F-11D3-BF4B-00C04F79EFBC}") = "Clock.iOS", "Clock\Clock.iOS\Clock.iOS.csproj", "{ACB95647-F6E9-4502-8194-A15D7D6F4ADE}"
EndProject
Project("{FAE04EC0-301F-11D3-BF4B-00C04F79EFBC}") = "Clock", "Clock\Clock\Clock.csproj", "{743D7938-3ADA-49F2-A29C-19F0E7D681FB}"
EndProject
Global
	GlobalSection(SolutionConfigurationPlatforms) = preSolution
		Debug|Any CPU = Debug|Any CPU
		Debug|iPhone = Debug|iPhone
		Debug|iPhoneSimulator = Debug|iPhoneSimulator
		Release|Any CPU = Release|Any CPU
		Release|iPhone = Release|iPhone
		Release|iPhoneSimulator = Release|iPhoneSimulator
	EndGlobalSection
	GlobalSection(ProjectConfigurationPlatforms) = postSolution
		{061872A0-C8F2-4B19-B76D-543205E04B98}.Debug|Any CPU.ActiveCfg = Debug|Any CPU
		{061872A0-C8F2-4B19-B76D-543205E04B98}.Debug|Any CPU.Build.0 = Debug|Any CPU
		{061872A0-C8F2-4B19-B76D-543205E04B98}.Debug|Any CPU.Deploy.0 = Debug|Any CPU
		{061872A0-C8F2-4B19-B76D-543205E04B98}.Debug|iPhone.ActiveCfg = Debug|Any CPU
		{061872A0-C8F2-4B19-B76D-543205E04B98}.Debug|iPhone.Build.0 = Debug|Any CPU
		{061872A0-C8F2-4B19-B76D-543205E04B98}.Debug|iPhone.Deploy.0 = Debug|Any CPU
		{061872A0-C8F2-4B19-B76D-543205E04B98}.Debug|iPhoneSimulator.ActiveCfg = Debug|Any CPU
		{061872A0-C8F2-4B19-B76D-543205E04B98}.Debug|iPhoneSimulator.Build.0 = Debug|Any CPU
		{061872A0-C8F2-4B19-B76D-543205E04B98}.Debug|iPhoneSimulator.Deploy.0 = Debug|Any CPU
		{061872A0-C8F2-4B19-B76D-543205E04B98}.Release|Any CPU.ActiveCfg = Release|Any CPU
		{061872A0-C8F2-4B19-B76D-543205E04B98}.Release|Any CPU.Build.0 = Release|Any CPU
		{061872A0-C8F2-4B19-B76D-543205E04B98}.Release|Any CPU.Deploy.0 = Release|Any CPU
		{061872A0-C8F2-4B19-B76D-543205E04B98}.Release|iPhone.ActiveCfg = Release|Any CPU
		{061872A0-C8F2-4B19-B76D-543205E04B98}.Release|iPhone.Build.0 = Release|Any CPU
		{061872A0-C8F2-4B19-B76D-543205E04B98}.Release|iPhone.Deploy.0 = Release|Any CPU
		{061872A0-C8F2-4B19-B76D-543205E04B98}.Release|iPhoneSimulator.ActiveCfg = Release|Any CPU
		{061872A0-C8F2-4B19-B76D-543205E04B98}.Release|iPhoneSimulator.Build.0 = Release|Any CPU
		{061872A0-C8F2-4B19-B76D-543205E04B98}.Release|iPhoneSimulator.Deploy.0 = Release|Any CPU
		{ACB95647-F6E9-4502-8194-A15D7D6F4ADE}.Debug|Any CPU.ActiveCfg = Debug|iPhoneSimulator
		{ACB95647-F6E9-4502-8194-A15D7D6F4ADE}.Debug|Any CPU.Build.0 = Debug|iPhoneSimulator
		{ACB95647-F6E9-4502-8194-A15D7D6F4ADE}.Debug|Any CPU.Deploy.0 = Debug|iPhoneSimulator
		{ACB95647-F6E9-4502-8194-A15D7D6F4ADE}.Debug|iPhone.ActiveCfg = Debug|iPhone
		{ACB95647-F6E9-4502-8194-A15D7D6F4ADE}.Debug|iPhone.Build.0 = Debug|iPhone
		{ACB95647-F6E9-4502-8194-A15D7D6F4ADE}.Debug|iPhone.Deploy.0 = Debug|iPhone
		{ACB95647-F6E9-4502-8194-A15D7D6F4ADE}.Debug|iPhoneSimulator.ActiveCfg = Debug|iPhoneSimulator
		{ACB95647-F6E9-4502-8194-A15D7D6F4ADE}.Debug|iPhoneSimulator.Build.0 = Debug|iPhoneSimulator
		{ACB95647-F6E9-4502-8194-A15D7D6F4ADE}.Debug|iPhoneSimulator.Deploy.0 = Debug|iPhoneSimulator
		{ACB95647-F6E9-4502-8194-A15D7D6F4ADE}.Release|Any CPU.ActiveCfg = Release|iPhone
		{ACB95647-F6E9-4502-8194-A15D7D6F4ADE}.Release|Any CPU.Build.0 = Release|iPhone
		{ACB95647-F6E9-4502-8194-A15D7D6F4ADE}.Release|Any CPU.Deploy.0 = Release|iPhone
		{ACB95647-F6E9-4502-8194-A15D7D6F4ADE}.Release|iPhone.ActiveCfg = Release|iPhone
		{ACB95647-F6E9-4502-8194-A15D7D6F4ADE}.Release|iPhone.Build.0 = Release|iPhone
		{ACB95647-F6E9-4502-8194-A15D7D6F4ADE}.Release|iPhone.Deploy.0 = Release|iPhone
		{ACB95647-F6E9-4502-8194-A15D7D6F4ADE}.Release|iPhoneSimulator.ActiveCfg = Release|iPhoneSimulator
		{ACB95647-F6E9-4502-8194-A15D7D6F4ADE}.Release|iPhoneSimulator.Build.0 = Release|iPhoneSimulator
		{ACB95647-F6E9-4502-8194-A15D7D6F4ADE}.Release|iPhoneSimulator.Deploy.0 = Release|iPhoneSimulator
		{743D7938-3ADA-49F2-A29C-19F0E7D681FB}.Debug|Any CPU.ActiveCfg = Debug|Any CPU
		{743D7938-3ADA-49F2-A29C-19F0E7D681FB}.Debug|Any CPU.Build.0 = Debug|Any CPU
		{743D7938-3ADA-49F2-A29C-19F0E7D681FB}.Debug|Any CPU.Deploy.0 = Debug|Any CPU
		{743D7938-3ADA-49F2-A29C-19F0E7D681FB}.Debug|iPhone.ActiveCfg = Debug|Any CPU
		{743D7938-3ADA-49F2-A29C-19F0E7D681FB}.Debug|iPhone.Build.0 = Debug|Any CPU
		{743D7938-3ADA-49F2-A29C-19F0E7D681FB}.Debug|iPhone.Deploy.0 = Debug|Any CPU
		{743D7938-3ADA-49F2-A29C-19F0E7D681FB}.Debug|iPhoneSimulator.ActiveCfg = Debug|Any CPU
		{743D7938-3ADA-49F2-A29C-19F0E7D681FB}.Debug|iPhoneSimulator.Build.0 = Debug|Any CPU
		{743D7938-3ADA-49F2-A29C-19F0E7D681FB}.Debug|iPhoneSimulator.Deploy.0 = Debug|Any CPU
		{743D7938-3ADA-49F2-A29C-19F0E7D681FB}.Release|Any CPU.ActiveCfg = Release|Any CPU
		{743D7938-3ADA-49F2-A29C-19F0E7D681FB}.Release|Any CPU.Build.0 = Release|Any CPU
		{743D7938-3ADA-49F2-A29C-19F0E7D681FB}.Release|Any CPU.Deploy.0 = Release|Any CPU
		{743D7938-3ADA-49F2-A29C-19F0E7D681FB}.Release|iPhone.ActiveCfg = Release|Any CPU
		{743D7938-3ADA-49F2-A29C-19F0E7D681FB}.Release|iPhone.Build.0 = Release|Any CPU
		{743D7938-3ADA-49F2-A29C-19F0E7D681FB}.Release|iPhone.Deploy.0 = Release|Any CPU
		{743D7938-3ADA-49F2-A29C-19F0E7D681FB}.Release|iPhoneSimulator.ActiveCfg = Release|Any CPU
		{743D7938-3ADA-49F2-A29C-19F0E7D681FB}.Release|iPhoneSimulator.Build.0 = Release|Any CPU
		{743D7938-3ADA-49F2-A29C-19F0E7D681FB}.Release|iPhoneSimulator.Deploy.0 = Release|Any CPU
	EndGlobalSection
	GlobalSection(SolutionProperties) = preSolution
		HideSolutionNode = FALSE
	EndGlobalSection
	GlobalSection(ExtensibilityGlobals) = postSolution
		SolutionGuid = {641430B3-0D4F-411D-B026-D4C565F15842}
	EndGlobalSection
EndGlobal
